Microsoft Visual Studio Solution File, Format Version 12.00
# Visual Studio 2012
Project("{FAE04EC0-301F-11D3-BF4B-00C04F79EFBC}") = "MyGame", "MyGame.csproj", "{82C510A4-130A-4FE5-AB77-6BF97DA54AF4}"
EndProject
Global
	GlobalSection(SolutionConfigurationPlatforms) = preSolution
	Debug|Any CPU = Debug|Any CPU
	ExportDebug|Any CPU = ExportDebug|Any CPU
	ExportRelease|Any CPU = ExportRelease|Any CPU
	EndGlobalSection
	GlobalSection(ProjectConfigurationPlatforms) = postSolution
		{82C510A4-130A-4FE5-AB77-6BF97DA54AF4}.Debug|Any CPU.ActiveCfg = Debug|Any CPU
		{82C510A4-130A-4FE5-AB77-6BF97DA54AF4}.Debug|Any CPU.Build.0 = Debug|Any CPU
		{82C510A4-130A-4FE5-AB77-6BF97DA54AF4}.ExportDebug|Any CPU.ActiveCfg = ExportDebug|Any CPU
		{82C510A4-130A-4FE5-AB77-6BF97DA54AF4}.ExportDebug|Any CPU.Build.0 = ExportDebug|Any CPU
		{82C510A4-130A-4FE5-AB77-6BF97DA54AF4}.ExportRelease|Any CPU.ActiveCfg = ExportRelease|Any CPU
		{82C510A4-130A-4FE5-AB77-6BF97DA54AF4}.ExportRelease|Any CPU.Build.0 = ExportRelease|Any CPU
	EndGlobalSection
EndGlobal
